
Microsoft Visual Studio Solution File, Format Version 12.00
# Visual Studio 15
VisualStudioVersion = 15.0.26730.16
MinimumVisualStudioVersion = 10.0.40219.1
Project("{FAE04EC0-301F-11D3-BF4B-00C04F79EFBC}") = "DesktopVideoRecorder.Activities", "DesktopVideoRecorder.Activities\DesktopVideoRecorder.Activities.csproj", "{0C7D40ED-2D73-48F5-B51B-4BE04656878C}"
EndProject
Global
	GlobalSection(SolutionConfigurationPlatforms) = preSolution
		Debug|Any CPU = Debug|Any CPU
		Release|Any CPU = Release|Any CPU
	EndGlobalSection
	GlobalSection(ProjectConfigurationPlatforms) = postSolution
		{0C7D40ED-2D73-48F5-B51B-4BE04656878C}.Debug|Any CPU.ActiveCfg = Debug|Any CPU
		{0C7D40ED-2D73-48F5-B51B-4BE04656878C}.Debug|Any CPU.Build.0 = Debug|Any CPU
		{0C7D40ED-2D73-48F5-B51B-4BE04656878C}.Release|Any CPU.ActiveCfg = Release|Any CPU
		{0C7D40ED-2D73-48F5-B51B-4BE04656878C}.Release|Any CPU.Build.0 = Release|Any CPU
	EndGlobalSection
	GlobalSection(SolutionProperties) = preSolution
		HideSolutionNode = FALSE
	EndGlobalSection
	GlobalSection(ExtensibilityGlobals) = postSolution
		SolutionGuid = {C4AB26E3-46EF-488C-B48B-CB46BB3E4A52}
	EndGlobalSection
EndGlobal
